
Microsoft Visual Studio Solution File, Format Version 12.00
# Visual Studio Version 16
VisualStudioVersion = 16.0.29613.14
MinimumVisualStudioVersion = 10.0.40219.1
Project("{FAE04EC0-301F-11D3-BF4B-00C04F79EFBC}") = "GestionScolaire", "GestionScolaire\GestionScolaire.csproj", "{AFA8A758-C803-4E26-BE4B-E92523D0133F}"
EndProject
Global
	GlobalSection(SolutionConfigurationPlatforms) = preSolution
		Debug|Any CPU = Debug|Any CPU
		Release|Any CPU = Release|Any CPU
	EndGlobalSection
	GlobalSection(ProjectConfigurationPlatforms) = postSolution
		{AFA8A758-C803-4E26-BE4B-E92523D0133F}.Debug|Any CPU.ActiveCfg = Debug|Any CPU
		{AFA8A758-C803-4E26-BE4B-E92523D0133F}.Debug|Any CPU.Build.0 = Debug|Any CPU
		{AFA8A758-C803-4E26-BE4B-E92523D0133F}.Release|Any CPU.ActiveCfg = Release|Any CPU
		{AFA8A758-C803-4E26-BE4B-E92523D0133F}.Release|Any CPU.Build.0 = Release|Any CPU
	EndGlobalSection
	GlobalSection(SolutionProperties) = preSolution
		HideSolutionNode = FALSE
	EndGlobalSection
	GlobalSection(ExtensibilityGlobals) = postSolution
		SolutionGuid = {EBFA51C1-092A-4118-91B0-4D8E2FDFB7B2}
	EndGlobalSection
EndGlobal
